{
  "requires": true,
  "lockfileVersion": 1,
  "dependencies": {
    "vue-toastification": {
      "version": "1.7.11",
      "resolved": "https://registry.npmjs.org/vue-toastification/-/vue-toastification-1.7.11.tgz",
      "integrity": "sha512-CT/DYttb/VtWDNdhJG0BskLVfveZq5rGOgO/u3qTX+RPQQzX0WSai8VVxxUuvR8UpxfSGPS+JQleR33bo3Vadg=="
    }
  }
}
