
Microsoft Visual Studio Solution File, Format Version 12.00
# Visual Studio Version 16
VisualStudioVersion = 16.0.30621.155
MinimumVisualStudioVersion = 10.0.40219.1
Project("{FAE04EC0-301F-11D3-BF4B-00C04F79EFBC}") = "csharpbasics", "csharpbasics\csharpbasics.csproj", "{1DF335BE-0E74-4DB7-B965-93B5C3010E76}"
EndProject
Global
	GlobalSection(SolutionConfigurationPlatforms) = preSolution
		Debug|Any CPU = Debug|Any CPU
		Release|Any CPU = Release|Any CPU
	EndGlobalSection
	GlobalSection(ProjectConfigurationPlatforms) = postSolution
		{1DF335BE-0E74-4DB7-B965-93B5C3010E76}.Debug|Any CPU.ActiveCfg = Debug|Any CPU
		{1DF335BE-0E74-4DB7-B965-93B5C3010E76}.Debug|Any CPU.Build.0 = Debug|Any CPU
		{1DF335BE-0E74-4DB7-B965-93B5C3010E76}.Release|Any CPU.ActiveCfg = Release|Any CPU
		{1DF335BE-0E74-4DB7-B965-93B5C3010E76}.Release|Any CPU.Build.0 = Release|Any CPU
	EndGlobalSection
	GlobalSection(SolutionProperties) = preSolution
		HideSolutionNode = FALSE
	EndGlobalSection
	GlobalSection(ExtensibilityGlobals) = postSolution
		SolutionGuid = {C2ADD0A1-7B38-4045-83F9-43ED28D231DD}
	EndGlobalSection
EndGlobal
