
Microsoft Visual Studio Solution File, Format Version 12.00
# Visual Studio Version 16
VisualStudioVersion = 16.0.31005.135
MinimumVisualStudioVersion = 10.0.40219.1
Project("{FAE04EC0-301F-11D3-BF4B-00C04F79EFBC}") = "Freeze", "Freeze\Freeze.csproj", "{92BB6802-6A0C-454B-996D-DE750963DBF9}"
EndProject
Global
	GlobalSection(SolutionConfigurationPlatforms) = preSolution
		Debug|Any CPU = Debug|Any CPU
		Release|Any CPU = Release|Any CPU
	EndGlobalSection
	GlobalSection(ProjectConfigurationPlatforms) = postSolution
		{92BB6802-6A0C-454B-996D-DE750963DBF9}.Debug|Any CPU.ActiveCfg = Debug|Any CPU
		{92BB6802-6A0C-454B-996D-DE750963DBF9}.Debug|Any CPU.Build.0 = Debug|Any CPU
		{92BB6802-6A0C-454B-996D-DE750963DBF9}.Release|Any CPU.ActiveCfg = Release|Any CPU
		{92BB6802-6A0C-454B-996D-DE750963DBF9}.Release|Any CPU.Build.0 = Release|Any CPU
	EndGlobalSection
	GlobalSection(SolutionProperties) = preSolution
		HideSolutionNode = FALSE
	EndGlobalSection
	GlobalSection(ExtensibilityGlobals) = postSolution
		SolutionGuid = {39ABB1CC-8952-42F8-B3E3-4483DD30CC1B}
	EndGlobalSection
EndGlobal
